
Microsoft Visual Studio Solution File, Format Version 12.00
# Visual Studio Version 16
VisualStudioVersion = 16.0.31727.386
MinimumVisualStudioVersion = 10.0.40219.1
Project("{9A19103F-16F7-4668-BE54-9A1E7A4F7556}") = "consoleapp", "consoleapp.csproj", "{230D9A2E-E38C-4375-952B-7D7EC9C651EA}"
EndProject
Global
	GlobalSection(SolutionConfigurationPlatforms) = preSolution
		Debug|Any CPU = Debug|Any CPU
		Release|Any CPU = Release|Any CPU
	EndGlobalSection
	GlobalSection(ProjectConfigurationPlatforms) = postSolution
		{230D9A2E-E38C-4375-952B-7D7EC9C651EA}.Debug|Any CPU.ActiveCfg = Debug|Any CPU
		{230D9A2E-E38C-4375-952B-7D7EC9C651EA}.Debug|Any CPU.Build.0 = Debug|Any CPU
		{230D9A2E-E38C-4375-952B-7D7EC9C651EA}.Release|Any CPU.ActiveCfg = Release|Any CPU
		{230D9A2E-E38C-4375-952B-7D7EC9C651EA}.Release|Any CPU.Build.0 = Release|Any CPU
	EndGlobalSection
	GlobalSection(SolutionProperties) = preSolution
		HideSolutionNode = FALSE
	EndGlobalSection
	GlobalSection(ExtensibilityGlobals) = postSolution
		SolutionGuid = {71B0A18B-FDB4-4F8B-998B-BA07191C769D}
	EndGlobalSection
EndGlobal
